
Microsoft Visual Studio Solution File, Format Version 12.00
# Visual Studio Version 16
VisualStudioVersion = 16.0.29201.188
MinimumVisualStudioVersion = 10.0.40219.1
Project("{FAE04EC0-301F-11D3-BF4B-00C04F79EFBC}") = "TestXml", "TestXml\TestXml.csproj", "{7E51577B-B1FB-4F0E-B70E-1153BBF6A3BD}"
EndProject
Project("{FAE04EC0-301F-11D3-BF4B-00C04F79EFBC}") = "CVAN.GW.WServiceMQDB", "E:\CMCLIS\CVAN.GW.WServiceMQDB\CVAN.GW.WServiceMQDB\CVAN.GW.WServiceMQDB.csproj", "{5913B62F-6EDC-4897-83EC-33AB8B28260C}"
EndProject
Project("{FAE04EC0-301F-11D3-BF4B-00C04F79EFBC}") = "CVAN.GW.WServiceSendMail", "E:\CMCLIS\CVAN.GW.WServiceSendMail (1)\CVAN.GW.WServiceSendMail\CVAN.GW.WServiceSendMail.csproj", "{9BA1E284-5066-419C-8C1E-D625215B59AB}"
EndProject
Global
	GlobalSection(SolutionConfigurationPlatforms) = preSolution
		Debug|Any CPU = Debug|Any CPU
		Release|Any CPU = Release|Any CPU
	EndGlobalSection
	GlobalSection(ProjectConfigurationPlatforms) = postSolution
		{7E51577B-B1FB-4F0E-B70E-1153BBF6A3BD}.Debug|Any CPU.ActiveCfg = Debug|Any CPU
		{7E51577B-B1FB-4F0E-B70E-1153BBF6A3BD}.Debug|Any CPU.Build.0 = Debug|Any CPU
		{7E51577B-B1FB-4F0E-B70E-1153BBF6A3BD}.Release|Any CPU.ActiveCfg = Release|Any CPU
		{7E51577B-B1FB-4F0E-B70E-1153BBF6A3BD}.Release|Any CPU.Build.0 = Release|Any CPU
		{5913B62F-6EDC-4897-83EC-33AB8B28260C}.Debug|Any CPU.ActiveCfg = Debug|Any CPU
		{5913B62F-6EDC-4897-83EC-33AB8B28260C}.Debug|Any CPU.Build.0 = Debug|Any CPU
		{5913B62F-6EDC-4897-83EC-33AB8B28260C}.Release|Any CPU.ActiveCfg = Release|Any CPU
		{5913B62F-6EDC-4897-83EC-33AB8B28260C}.Release|Any CPU.Build.0 = Release|Any CPU
		{9BA1E284-5066-419C-8C1E-D625215B59AB}.Debug|Any CPU.ActiveCfg = Debug|Any CPU
		{9BA1E284-5066-419C-8C1E-D625215B59AB}.Debug|Any CPU.Build.0 = Debug|Any CPU
		{9BA1E284-5066-419C-8C1E-D625215B59AB}.Release|Any CPU.ActiveCfg = Release|Any CPU
		{9BA1E284-5066-419C-8C1E-D625215B59AB}.Release|Any CPU.Build.0 = Release|Any CPU
	EndGlobalSection
	GlobalSection(SolutionProperties) = preSolution
		HideSolutionNode = FALSE
	EndGlobalSection
	GlobalSection(ExtensibilityGlobals) = postSolution
		SolutionGuid = {FA0901BD-03D2-40E0-8D4C-1FE1F3C1DB7B}
	EndGlobalSection
EndGlobal
